# This file is generated by running "yarn install" inside your project.
# Manual changes might be lost - proceed with caution!

__metadata:
  version: 6
  cacheKey: 8

"@workspace-resolution-example/core@workspace:packages/core":
  version: 0.0.0-use.local
  resolution: "@workspace-resolution-example/core@workspace:packages/core"
  dependencies:
    format-date: ^1.0.0
  languageName: unknown
  linkType: soft

"days@npm:^1.0.1":
  version: 1.1.1
  resolution: "days@npm:1.1.1"
  checksum: c9a9a3b052a635784c650465962b341cebfcb16258924bd676afc57e47c5c7ae758e3dec4b316b228c4164024e2287b26d13cd70d8b8ecb06bb80cf9131c75f7
  languageName: node
  linkType: hard

"format-date@npm:^1.0.0":
  version: 1.0.0
  resolution: "format-date@npm:1.0.0"
  dependencies:
    days: ^1.0.1
    left-pad: ^1.0.1
    months: ^1.0.1
    string-templater: ^1.0.0
  checksum: 9bf84a02ab0e11de193d2a98342bf65954100b7b692c705d6c773094a50b8887e80ff92fb5a5664f2361d878dfcf15b3de5e0d414a26901e650bde86b3a88401
  languageName: node
  linkType: hard

"left-pad@^1.0.1, left-pad@workspace:packages/left-pad":
  version: 0.0.0-use.local
  resolution: "left-pad@workspace:packages/left-pad"
  languageName: unknown
  linkType: soft

"months@npm:^1.0.1":
  version: 1.2.0
  resolution: "months@npm:1.2.0"
  checksum: 9cf9a43f7d389babccaaa6a0e0391f7a59ad638c4aab40030ecff984b84ce49442f6b9c686290bb9b5a7c1c5bb86540b5279514e73240b14b9db6024108b4268
  languageName: node
  linkType: hard

"string-templater@npm:^1.0.0":
  version: 1.0.0
  resolution: "string-templater@npm:1.0.0"
  checksum: 6289e19ae27c8dff96acc318db9e9fade78e84a079bff7586c1e7bb4a5f882a0de5b3ea26b5f796e708302c5fb24acdae8a59836f2e246aa0c22b42eda17265b
  languageName: node
  linkType: hard

"workspace-resolution-example@workspace:.":
  version: 0.0.0-use.local
  resolution: "workspace-resolution-example@workspace:."
  languageName: unknown
  linkType: soft
